
Microsoft Visual Studio Solution File, Format Version 12.00
# Visual Studio Version 16
VisualStudioVersion = 16.0.30204.135
MinimumVisualStudioVersion = 10.0.40219.1
Project("{FAE04EC0-301F-11D3-BF4B-00C04F79EFBC}") = "LettingAgentCSLTest", "LettingAgentCSLTest\LettingAgentCSLTest.csproj", "{B43D8358-329F-49DD-B321-1E715CA83FD7}"
	ProjectSection(ProjectDependencies) = postProject
		{A491208F-304F-4F5D-9095-6CA9CE0A2B50} = {A491208F-304F-4F5D-9095-6CA9CE0A2B50}
	EndProjectSection
EndProject
Project("{FAE04EC0-301F-11D3-BF4B-00C04F79EFBC}") = "DataLibrary", "DataLibrary\DataLibrary.csproj", "{7C9B873B-F2B5-42E1-B389-966C0CE2964A}"
EndProject
Project("{00D1A9C2-B5F0-4AF3-8072-F6C62B433612}") = "LettingDBase", "LettingDBase\LettingDBase.sqlproj", "{A491208F-304F-4F5D-9095-6CA9CE0A2B50}"
EndProject
Global
	GlobalSection(SolutionConfigurationPlatforms) = preSolution
		Debug|Any CPU = Debug|Any CPU
		Release|Any CPU = Release|Any CPU
	EndGlobalSection
	GlobalSection(ProjectConfigurationPlatforms) = postSolution
		{B43D8358-329F-49DD-B321-1E715CA83FD7}.Debug|Any CPU.ActiveCfg = Debug|Any CPU
		{B43D8358-329F-49DD-B321-1E715CA83FD7}.Debug|Any CPU.Build.0 = Debug|Any CPU
		{B43D8358-329F-49DD-B321-1E715CA83FD7}.Release|Any CPU.ActiveCfg = Release|Any CPU
		{B43D8358-329F-49DD-B321-1E715CA83FD7}.Release|Any CPU.Build.0 = Release|Any CPU
		{7C9B873B-F2B5-42E1-B389-966C0CE2964A}.Debug|Any CPU.ActiveCfg = Debug|Any CPU
		{7C9B873B-F2B5-42E1-B389-966C0CE2964A}.Debug|Any CPU.Build.0 = Debug|Any CPU
		{7C9B873B-F2B5-42E1-B389-966C0CE2964A}.Release|Any CPU.ActiveCfg = Release|Any CPU
		{7C9B873B-F2B5-42E1-B389-966C0CE2964A}.Release|Any CPU.Build.0 = Release|Any CPU
		{A491208F-304F-4F5D-9095-6CA9CE0A2B50}.Debug|Any CPU.ActiveCfg = Debug|Any CPU
		{A491208F-304F-4F5D-9095-6CA9CE0A2B50}.Debug|Any CPU.Build.0 = Debug|Any CPU
		{A491208F-304F-4F5D-9095-6CA9CE0A2B50}.Debug|Any CPU.Deploy.0 = Debug|Any CPU
		{A491208F-304F-4F5D-9095-6CA9CE0A2B50}.Release|Any CPU.ActiveCfg = Release|Any CPU
		{A491208F-304F-4F5D-9095-6CA9CE0A2B50}.Release|Any CPU.Build.0 = Release|Any CPU
		{A491208F-304F-4F5D-9095-6CA9CE0A2B50}.Release|Any CPU.Deploy.0 = Release|Any CPU
	EndGlobalSection
	GlobalSection(SolutionProperties) = preSolution
		HideSolutionNode = FALSE
	EndGlobalSection
	GlobalSection(ExtensibilityGlobals) = postSolution
		SolutionGuid = {AA3F337D-B945-4DC5-8282-04916F413951}
	EndGlobalSection
EndGlobal
